
Microsoft Visual Studio Solution File, Format Version 12.00
# Visual Studio 15
VisualStudioVersion = 15.0.28307.1022
MinimumVisualStudioVersion = 10.0.40219.1
Project("{FAE04EC0-301F-11D3-BF4B-00C04F79EFBC}") = "Banco_App", "Banco_App\Banco_App.csproj", "{3559A66F-5689-4DE2-9714-5A88233EA7F8}"
EndProject
Global
	GlobalSection(SolutionConfigurationPlatforms) = preSolution
		Debug|Any CPU = Debug|Any CPU
		Release|Any CPU = Release|Any CPU
	EndGlobalSection
	GlobalSection(ProjectConfigurationPlatforms) = postSolution
		{3559A66F-5689-4DE2-9714-5A88233EA7F8}.Debug|Any CPU.ActiveCfg = Debug|Any CPU
		{3559A66F-5689-4DE2-9714-5A88233EA7F8}.Debug|Any CPU.Build.0 = Debug|Any CPU
		{3559A66F-5689-4DE2-9714-5A88233EA7F8}.Release|Any CPU.ActiveCfg = Release|Any CPU
		{3559A66F-5689-4DE2-9714-5A88233EA7F8}.Release|Any CPU.Build.0 = Release|Any CPU
	EndGlobalSection
	GlobalSection(SolutionProperties) = preSolution
		HideSolutionNode = FALSE
	EndGlobalSection
	GlobalSection(ExtensibilityGlobals) = postSolution
		SolutionGuid = {CE51DC73-044D-42FB-B195-A58B81CCE464}
	EndGlobalSection
EndGlobal
